
Microsoft Visual Studio Solution File, Format Version 12.00
# Visual Studio Version 17
VisualStudioVersion = 17.8.34525.116
MinimumVisualStudioVersion = 10.0.40219.1
Project("{FAE04EC0-301F-11D3-BF4B-00C04F79EFBC}") = "Leonov 6", "Leonov 6\Leonov 6.csproj", "{5828B920-D053-46C4-855C-085782F8E4FF}"
EndProject
Global
	GlobalSection(SolutionConfigurationPlatforms) = preSolution
		Debug|Any CPU = Debug|Any CPU
		Release|Any CPU = Release|Any CPU
	EndGlobalSection
	GlobalSection(ProjectConfigurationPlatforms) = postSolution
		{5828B920-D053-46C4-855C-085782F8E4FF}.Debug|Any CPU.ActiveCfg = Debug|Any CPU
		{5828B920-D053-46C4-855C-085782F8E4FF}.Debug|Any CPU.Build.0 = Debug|Any CPU
		{5828B920-D053-46C4-855C-085782F8E4FF}.Release|Any CPU.ActiveCfg = Release|Any CPU
		{5828B920-D053-46C4-855C-085782F8E4FF}.Release|Any CPU.Build.0 = Release|Any CPU
	EndGlobalSection
	GlobalSection(SolutionProperties) = preSolution
		HideSolutionNode = FALSE
	EndGlobalSection
	GlobalSection(ExtensibilityGlobals) = postSolution
		SolutionGuid = {E851564B-20FA-4405-B1A7-92B32B7AEE50}
	EndGlobalSection
EndGlobal
