
Microsoft Visual Studio Solution File, Format Version 12.00
# Visual Studio Version 17
VisualStudioVersion = 17.8.34525.116
MinimumVisualStudioVersion = 10.0.40219.1
Project("{FAE04EC0-301F-11D3-BF4B-00C04F79EFBC}") = "Leonov 7", "Leonov 7\Leonov 7.csproj", "{FE7CBC9A-798B-4CB9-9FA7-2B71FB9B8A0D}"
EndProject
Global
	GlobalSection(SolutionConfigurationPlatforms) = preSolution
		Debug|Any CPU = Debug|Any CPU
		Release|Any CPU = Release|Any CPU
	EndGlobalSection
	GlobalSection(ProjectConfigurationPlatforms) = postSolution
		{FE7CBC9A-798B-4CB9-9FA7-2B71FB9B8A0D}.Debug|Any CPU.ActiveCfg = Debug|Any CPU
		{FE7CBC9A-798B-4CB9-9FA7-2B71FB9B8A0D}.Debug|Any CPU.Build.0 = Debug|Any CPU
		{FE7CBC9A-798B-4CB9-9FA7-2B71FB9B8A0D}.Release|Any CPU.ActiveCfg = Release|Any CPU
		{FE7CBC9A-798B-4CB9-9FA7-2B71FB9B8A0D}.Release|Any CPU.Build.0 = Release|Any CPU
	EndGlobalSection
	GlobalSection(SolutionProperties) = preSolution
		HideSolutionNode = FALSE
	EndGlobalSection
	GlobalSection(ExtensibilityGlobals) = postSolution
		SolutionGuid = {B8F21BE7-5C24-448D-BE0E-22E7AE4D596C}
	EndGlobalSection
EndGlobal
